// !$*UTF8*$!
{
	archiveVersion = 1;
	classes = {
	};
	objectVersion = 56;
	objects = {

/* Begin PBXBuildFile section */
		57488DDE29E3498D00E5A474 /* AppDelegate.swift in Sources */ = {isa = PBXBuildFile; fileRef = 57488DDD29E3498D00E5A474 /* AppDelegate.swift */; };
		57488DE029E3498D00E5A474 /* SceneDelegate.swift in Sources */ = {isa = PBXBuildFile; fileRef = 57488DDF29E3498D00E5A474 /* SceneDelegate.swift */; };
		57488DE229E3498D00E5A474 /* ViewController.swift in Sources */ = {isa = PBXBuildFile; fileRef = 57488DE129E3498D00E5A474 /* ViewController.swift */; };
		57488DE529E3498D00E5A474 /* Main.storyboard in Resources */ = {isa = PBXBuildFile; fileRef = 57488DE329E3498D00E5A474 /* Main.storyboard */; };
		57488DE729E3498E00E5A474 /* Assets.xcassets in Resources */ = {isa = PBXBuildFile; fileRef = 57488DE629E3498E00E5A474 /* Assets.xcassets */; };
		57488DEA29E3498E00E5A474 /* LaunchScreen.storyboard in Resources */ = {isa = PBXBuildFile; fileRef = 57488DE829E3498E00E5A474 /* LaunchScreen.storyboard */; };
		57774FFF29E49B55007498B3 /* Question.swift in Sources */ = {isa = PBXBuildFile; fileRef = 57774FFE29E49B55007498B3 /* Question.swift */; };
		5777500429E5D122007498B3 /* QuizBrain.swift in Sources */ = {isa = PBXBuildFile; fileRef = 5777500329E5D122007498B3 /* QuizBrain.swift */; };
/* End PBXBuildFile section */

/* Begin PBXFileReference section */
		57488DDA29E3498D00E5A474 /* Quizzler.app */ = {isa = PBXFileReference; explicitFileType = wrapper.application; includeInIndex = 0; path = Quizzler.app; sourceTree = BUILT_PRODUCTS_DIR; };
		57488DDD29E3498D00E5A474 /* AppDelegate.swift */ = {isa = PBXFileReference; lastKnownFileType = sourcecode.swift; path = AppDelegate.swift; sourceTree = "<group>"; };
		57488DDF29E3498D00E5A474 /* SceneDelegate.swift */ = {isa = PBXFileReference; lastKnownFileType = sourcecode.swift; path = SceneDelegate.swift; sourceTree = "<group>"; };
		57488DE129E3498D00E5A474 /* ViewController.swift */ = {isa = PBXFileReference; lastKnownFileType = sourcecode.swift; path = ViewController.swift; sourceTree = "<group>"; };
		57488DE429E3498D00E5A474 /* Base */ = {isa = PBXFileReference; lastKnownFileType = file.storyboard; name = Base; path = Base.lproj/Main.storyboard; sourceTree = "<group>"; };
		57488DE629E3498E00E5A474 /* Assets.xcassets */ = {isa = PBXFileReference; lastKnownFileType = folder.assetcatalog; path = Assets.xcassets; sourceTree = "<group>"; };
		57488DE929E3498E00E5A474 /* Base */ = {isa = PBXFileReference; lastKnownFileType = file.storyboard; name = Base; path = Base.lproj/LaunchScreen.storyboard; sourceTree = "<group>"; };
		57488DEB29E3498E00E5A474 /* Info.plist */ = {isa = PBXFileReference; lastKnownFileType = text.plist.xml; path = Info.plist; sourceTree = "<group>"; };
		57774FFE29E49B55007498B3 /* Question.swift */ = {isa = PBXFileReference; lastKnownFileType = sourcecode.swift; path = Question.swift; sourceTree = "<group>"; };
		5777500329E5D122007498B3 /* QuizBrain.swift */ = {isa = PBXFileReference; lastKnownFileType = sourcecode.swift; path = QuizBrain.swift; sourceTree = "<group>"; };
/* End PBXFileReference section */

/* Begin PBXFrameworksBuildPhase section */
		57488DD729E3498D00E5A474 /* Frameworks */ = {
			isa = PBXFrameworksBuildPhase;
			buildActionMask = 2147483647;
			files = (
			);
			runOnlyForDeploymentPostprocessing = 0;
		};
/* End PBXFrameworksBuildPhase section */

/* Begin PBXGroup section */
		57488DD129E3498D00E5A474 = {
			isa = PBXGroup;
			children = (
				57488DDC29E3498D00E5A474 /* Quizzler */,
				57488DDB29E3498D00E5A474 /* Products */,
			);
			sourceTree = "<group>";
		};
		57488DDB29E3498D00E5A474 /* Products */ = {
			isa = PBXGroup;
			children = (
				57488DDA29E3498D00E5A474 /* Quizzler.app */,
			);
			name = Products;
			sourceTree = "<group>";
		};
		57488DDC29E3498D00E5A474 /* Quizzler */ = {
			isa = PBXGroup;
			children = (
				57488DDD29E3498D00E5A474 /* AppDelegate.swift */,
				57488DDF29E3498D00E5A474 /* SceneDelegate.swift */,
				5777500229E5D0EE007498B3 /* Model */,
				5777500129E5D0E0007498B3 /* View */,
				5777500029E5D0D6007498B3 /* Controller */,
				57488DE629E3498E00E5A474 /* Assets.xcassets */,
				57488DE829E3498E00E5A474 /* LaunchScreen.storyboard */,
				57488DEB29E3498E00E5A474 /* Info.plist */,
			);
			path = Quizzler;
			sourceTree = "<group>";
		};
		5777500029E5D0D6007498B3 /* Controller */ = {
			isa = PBXGroup;
			children = (
				57488DE129E3498D00E5A474 /* ViewController.swift */,
			);
			path = Controller;
			sourceTree = "<group>";
		};
		5777500129E5D0E0007498B3 /* View */ = {
			isa = PBXGroup;
			children = (
				57488DE329E3498D00E5A474 /* Main.storyboard */,
			);
			path = View;
			sourceTree = "<group>";
		};
		5777500229E5D0EE007498B3 /* Model */ = {
			isa = PBXGroup;
			children = (
				57774FFE29E49B55007498B3 /* Question.swift */,
				5777500329E5D122007498B3 /* QuizBrain.swift */,
			);
			path = Model;
			sourceTree = "<group>";
		};
/* End PBXGroup section */

/* Begin PBXNativeTarget section */
		57488DD929E3498D00E5A474 /* Quizzler */ = {
			isa = PBXNativeTarget;
			buildConfigurationList = 57488DEE29E3498E00E5A474 /* Build configuration list for PBXNativeTarget "Quizzler" */;
			buildPhases = (
				57488DD629E3498D00E5A474 /* Sources */,
				57488DD729E3498D00E5A474 /* Frameworks */,
				57488DD829E3498D00E5A474 /* Resources */,
			);
			buildRules = (
			);
			dependencies = (
			);
			name = Quizzler;
			productName = Quizzler;
			productReference = 57488DDA29E3498D00E5A474 /* Quizzler.app */;
			productType = "com.apple.product-type.application";
		};
/* End PBXNativeTarget section */

/* Begin PBXProject section */
		57488DD229E3498D00E5A474 /* Project object */ = {
			isa = PBXProject;
			attributes = {
				BuildIndependentTargetsInParallel = 1;
				LastSwiftUpdateCheck = 1410;
				LastUpgradeCheck = 1410;
				TargetAttributes = {
					57488DD929E3498D00E5A474 = {
						CreatedOnToolsVersion = 14.1;
					};
				};
			};
			buildConfigurationList = 57488DD529E3498D00E5A474 /* Build configuration list for PBXProject "Quizzler" */;
			compatibilityVersion = "Xcode 14.0";
			developmentRegion = en;
			hasScannedForEncodings = 0;
			knownRegions = (
				en,
				Base,
			);
			mainGroup = 57488DD129E3498D00E5A474;
			productRefGroup = 57488DDB29E3498D00E5A474 /* Products */;
			projectDirPath = "";
			projectRoot = "";
			targets = (
				57488DD929E3498D00E5A474 /* Quizzler */,
			);
		};
/* End PBXProject section */

/* Begin PBXResourcesBuildPhase section */
		57488DD829E3498D00E5A474 /* Resources */ = {
			isa = PBXResourcesBuildPhase;
			buildActionMask = 2147483647;
			files = (
				57488DEA29E3498E00E5A474 /* LaunchScreen.storyboard in Resources */,
				57488DE729E3498E00E5A474 /* Assets.xcassets in Resources */,
				57488DE529E3498D00E5A474 /* Main.storyboard in Resources */,
			);
			runOnlyForDeploymentPostprocessing = 0;
		};
/* End PBXResourcesBuildPhase section */

/* Begin PBXSourcesBuildPhase section */
		57488DD629E3498D00E5A474 /* Sources */ = {
			isa = PBXSourcesBuildPhase;
			buildActionMask = 2147483647;
			files = (
				5777500429E5D122007498B3 /* QuizBrain.swift in Sources */,
				57488DE229E3498D00E5A474 /* ViewController.swift in Sources */,
				57774FFF29E49B55007498B3 /* Question.swift in Sources */,
				57488DDE29E3498D00E5A474 /* AppDelegate.swift in Sources */,
				57488DE029E3498D00E5A474 /* SceneDelegate.swift in Sources */,
			);
			runOnlyForDeploymentPostprocessing = 0;
		};
/* End PBXSourcesBuildPhase section */

/* Begin PBXVariantGroup section */
		57488DE329E3498D00E5A474 /* Main.storyboard */ = {
			isa = PBXVariantGroup;
			children = (
				57488DE429E3498D00E5A474 /* Base */,
			);
			name = Main.storyboard;
			sourceTree = "<group>";
		};
		57488DE829E3498E00E5A474 /* LaunchScreen.storyboard */ = {
			isa = PBXVariantGroup;
			children = (
				57488DE929E3498E00E5A474 /* Base */,
			);
			name = LaunchScreen.storyboard;
			sourceTree = "<group>";
		};
/* End PBXVariantGroup section */

/* Begin XCBuildConfiguration section */
		57488DEC29E3498E00E5A474 /* Debug */ = {
			isa = XCBuildConfiguration;
			buildSettings = {
				ALWAYS_SEARCH_USER_PATHS = NO;
				CLANG_ANALYZER_NONNULL = YES;
				CLANG_ANALYZER_NUMBER_OBJECT_CONVERSION = YES_AGGRESSIVE;
				CLANG_CXX_LANGUAGE_STANDARD = "gnu++20";
				CLANG_ENABLE_MODULES = YES;
				CLANG_ENABLE_OBJC_ARC = YES;
				CLANG_ENABLE_OBJC_WEAK = YES;
				CLANG_WARN_BLOCK_CAPTURE_AUTORELEASING = YES;
				CLANG_WARN_BOOL_CONVERSION = YES;
				CLANG_WARN_COMMA = YES;
				CLANG_WARN_CONSTANT_CONVERSION = YES;
				CLANG_WARN_DEPRECATED_OBJC_IMPLEMENTATIONS = YES;
				CLANG_WARN_DIRECT_OBJC_ISA_USAGE = YES_ERROR;
				CLANG_WARN_DOCUMENTATION_COMMENTS = YES;
				CLANG_WARN_EMPTY_BODY = YES;
				CLANG_WARN_ENUM_CONVERSION = YES;
				CLANG_WARN_INFINITE_RECURSION = YES;
				CLANG_WARN_INT_CONVERSION = YES;
				CLANG_WARN_NON_LITERAL_NULL_CONVERSION = YES;
				CLANG_WARN_OBJC_IMPLICIT_RETAIN_SELF = YES;
				CLANG_WARN_OBJC_LITERAL_CONVERSION = YES;
				CLANG_WARN_OBJC_ROOT_CLASS = YES_ERROR;
				CLANG_WARN_QUOTED_INCLUDE_IN_FRAMEWORK_HEADER = YES;
				CLANG_WARN_RANGE_LOOP_ANALYSIS = YES;
				CLANG_WARN_STRICT_PROTOTYPES = YES;
				CLANG_WARN_SUSPICIOUS_MOVE = YES;
				CLANG_WARN_UNGUARDED_AVAILABILITY = YES_AGGRESSIVE;
				CLANG_WARN_UNREACHABLE_CODE = YES;
				CLANG_WARN__DUPLICATE_METHOD_MATCH = YES;
				COPY_PHASE_STRIP = NO;
				DEBUG_INFORMATION_FORMAT = dwarf;
				ENABLE_STRICT_OBJC_MSGSEND = YES;
				ENABLE_TESTABILITY = YES;
				GCC_C_LANGUAGE_STANDARD = gnu11;
				GCC_DYNAMIC_NO_PIC = NO;
				GCC_NO_COMMON_BLOCKS = YES;
				GCC_OPTIMIZATION_LEVEL = 0;
				GCC_PREPROCESSOR_DEFINITIONS = (
					"DEBUG=1",
					"$(inherited)",
				);
				GCC_WARN_64_TO_32_BIT_CONVERSION = YES;
				GCC_WARN_ABOUT_RETURN_TYPE = YES_ERROR;
				GCC_WARN_UNDECLARED_SELECTOR = YES;
				GCC_WARN_UNINITIALIZED_AUTOS = YES_AGGRESSIVE;
				GCC_WARN_UNUSED_FUNCTION = YES;
				GCC_WARN_UNUSED_VARIABLE = YES;
				IPHONEOS_DEPLOYMENT_TARGET = 16.1;
				MTL_ENABLE_DEBUG_INFO = INCLUDE_SOURCE;
				MTL_FAST_MATH = YES;
				ONLY_ACTIVE_ARCH = YES;
				SDKROOT = iphoneos;
				SWIFT_ACTIVE_COMPILATION_CONDITIONS = DEBUG;
				SWIFT_OPTIMIZATION_LEVEL = "-Onone";
			};
			name = Debug;
		};
		57488DED29E3498E00E5A474 /* Release */ = {
			isa = XCBuildConfiguration;
			buildSettings = {
				ALWAYS_SEARCH_USER_PATHS = NO;
				CLANG_ANALYZER_NONNULL = YES;
				CLANG_ANALYZER_NUMBER_OBJECT_CONVERSION = YES_AGGRESSIVE;
				CLANG_CXX_LANGUAGE_STANDARD = "gnu++20";
				CLANG_ENABLE_MODULES = YES;
				CLANG_ENABLE_OBJC_ARC = YES;
				CLANG_ENABLE_OBJC_WEAK = YES;
				CLANG_WARN_BLOCK_CAPTURE_AUTORELEASING = YES;
				CLANG_WARN_BOOL_CONVERSION = YES;
				CLANG_WARN_COMMA = YES;
				CLANG_WARN_CONSTANT_CONVERSION = YES;
				CLANG_WARN_DEPRECATED_OBJC_IMPLEMENTATIONS = YES;
				CLANG_WARN_DIRECT_OBJC_ISA_USAGE = YES_ERROR;
				CLANG_WARN_DOCUMENTATION_COMMENTS = YES;
				CLANG_WARN_EMPTY_BODY = YES;
				CLANG_WARN_ENUM_CONVERSION = YES;
				CLANG_WARN_INFINITE_RECURSION = YES;
				CLANG_WARN_INT_CONVERSION = YES;
				CLANG_WARN_NON_LITERAL_NULL_CONVERSION = YES;
				CLANG_WARN_OBJC_IMPLICIT_RETAIN_SELF = YES;
				CLANG_WARN_OBJC_LITERAL_CONVERSION = YES;
				CLANG_WARN_OBJC_ROOT_CLASS = YES_ERROR;
				CLANG_WARN_QUOTED_INCLUDE_IN_FRAMEWORK_HEADER = YES;
				CLANG_WARN_RANGE_LOOP_ANALYSIS = YES;
				CLANG_WARN_STRICT_PROTOTYPES = YES;
				CLANG_WARN_SUSPICIOUS_MOVE = YES;
				CLANG_WARN_UNGUARDED_AVAILABILITY = YES_AGGRESSIVE;
				CLANG_WARN_UNREACHABLE_CODE = YES;
				CLANG_WARN__DUPLICATE_METHOD_MATCH = YES;
				COPY_PHASE_STRIP = NO;
				DEBUG_INFORMATION_FORMAT = "dwarf-with-dsym";
				ENABLE_NS_ASSERTIONS = NO;
				ENABLE_STRICT_OBJC_MSGSEND = YES;
				GCC_C_LANGUAGE_STANDARD = gnu11;
				GCC_NO_COMMON_BLOCKS = YES;
				GCC_WARN_64_TO_32_BIT_CONVERSION = YES;
				GCC_WARN_ABOUT_RETURN_TYPE = YES_ERROR;
				GCC_WARN_UNDECLARED_SELECTOR = YES;
				GCC_WARN_UNINITIALIZED_AUTOS = YES_AGGRESSIVE;
				GCC_WARN_UNUSED_FUNCTION = YES;
				GCC_WARN_UNUSED_VARIABLE = YES;
				IPHONEOS_DEPLOYMENT_TARGET = 16.1;
				MTL_ENABLE_DEBUG_INFO = NO;
				MTL_FAST_MATH = YES;
				SDKROOT = iphoneos;
				SWIFT_COMPILATION_MODE = wholemodule;
				SWIFT_OPTIMIZATION_LEVEL = "-O";
				VALIDATE_PRODUCT = YES;
			};
			name = Release;
		};
		57488DEF29E3498E00E5A474 /* Debug */ = {
			isa = XCBuildConfiguration;
			buildSettings = {
				ASSETCATALOG_COMPILER_APPICON_NAME = AppIcon;
				ASSETCATALOG_COMPILER_GLOBAL_ACCENT_COLOR_NAME = AccentColor;
				CODE_SIGN_STYLE = Automatic;
				CURRENT_PROJECT_VERSION = 1;
				DEVELOPMENT_TEAM = FVUCM87L3U;
				GENERATE_INFOPLIST_FILE = YES;
				INFOPLIST_FILE = Quizzler/Info.plist;
				INFOPLIST_KEY_UIApplicationSupportsIndirectInputEvents = YES;
				INFOPLIST_KEY_UILaunchStoryboardName = LaunchScreen;
				INFOPLIST_KEY_UIMainStoryboardFile = Main;
				INFOPLIST_KEY_UISupportedInterfaceOrientations = UIInterfaceOrientationPortrait;
				INFOPLIST_KEY_UISupportedInterfaceOrientations_iPad = "UIInterfaceOrientationLandscapeLeft UIInterfaceOrientationLandscapeRight UIInterfaceOrientationPortrait UIInterfaceOrientationPortraitUpsideDown";
				IPHONEOS_DEPLOYMENT_TARGET = 14.0;
				LD_RUNPATH_SEARCH_PATHS = (
					"$(inherited)",
					"@executable_path/Frameworks",
				);
				MARKETING_VERSION = 1.0;
				PRODUCT_BUNDLE_IDENTIFIER = "-9987.Quizzler";
				PRODUCT_NAME = "$(TARGET_NAME)";
				SUPPORTED_PLATFORMS = "iphoneos iphonesimulator";
				SUPPORTS_MACCATALYST = NO;
				SUPPORTS_MAC_DESIGNED_FOR_IPHONE_IPAD = NO;
				SWIFT_EMIT_LOC_STRINGS = YES;
				SWIFT_VERSION = 5.0;
				TARGETED_DEVICE_FAMILY = 1;
			};
			name = Debug;
		};
		57488DF029E3498E00E5A474 /* Release */ = {
			isa = XCBuildConfiguration;
			buildSettings = {
				ASSETCATALOG_COMPILER_APPICON_NAME = AppIcon;
				ASSETCATALOG_COMPILER_GLOBAL_ACCENT_COLOR_NAME = AccentColor;
				CODE_SIGN_STYLE = Automatic;
				CURRENT_PROJECT_VERSION = 1;
				DEVELOPMENT_TEAM = FVUCM87L3U;
				GENERATE_INFOPLIST_FILE = YES;
				INFOPLIST_FILE = Quizzler/Info.plist;
				INFOPLIST_KEY_UIApplicationSupportsIndirectInputEvents = YES;
				INFOPLIST_KEY_UILaunchStoryboardName = LaunchScreen;
				INFOPLIST_KEY_UIMainStoryboardFile = Main;
				INFOPLIST_KEY_UISupportedInterfaceOrientations = UIInterfaceOrientationPortrait;
				INFOPLIST_KEY_UISupportedInterfaceOrientations_iPad = "UIInterfaceOrientationLandscapeLeft UIInterfaceOrientationLandscapeRight UIInterfaceOrientationPortrait UIInterfaceOrientationPortraitUpsideDown";
				IPHONEOS_DEPLOYMENT_TARGET = 14.0;
				LD_RUNPATH_SEARCH_PATHS = (
					"$(inherited)",
					"@executable_path/Frameworks",
				);
				MARKETING_VERSION = 1.0;
				PRODUCT_BUNDLE_IDENTIFIER = "-9987.Quizzler";
				PRODUCT_NAME = "$(TARGET_NAME)";
				SUPPORTED_PLATFORMS = "iphoneos iphonesimulator";
				SUPPORTS_MACCATALYST = NO;
				SUPPORTS_MAC_DESIGNED_FOR_IPHONE_IPAD = NO;
				SWIFT_EMIT_LOC_STRINGS = YES;
				SWIFT_VERSION = 5.0;
				TARGETED_DEVICE_FAMILY = 1;
			};
			name = Release;
		};
/* End XCBuildConfiguration section */

/* Begin XCConfigurationList section */
		57488DD529E3498D00E5A474 /* Build configuration list for PBXProject "Quizzler" */ = {
			isa = XCConfigurationList;
			buildConfigurations = (
				57488DEC29E3498E00E5A474 /* Debug */,
				57488DED29E3498E00E5A474 /* Release */,
			);
			defaultConfigurationIsVisible = 0;
			defaultConfigurationName = Release;
		};
		57488DEE29E3498E00E5A474 /* Build configuration list for PBXNativeTarget "Quizzler" */ = {
			isa = XCConfigurationList;
			buildConfigurations = (
				57488DEF29E3498E00E5A474 /* Debug */,
				57488DF029E3498E00E5A474 /* Release */,
			);
			defaultConfigurationIsVisible = 0;
			defaultConfigurationName = Release;
		};
/* End XCConfigurationList section */
	};
	rootObject = 57488DD229E3498D00E5A474 /* Project object */;
}
